
Microsoft Visual Studio Solution File, Format Version 12.00
# Visual Studio Version 17
VisualStudioVersion = 17.13.35825.156
MinimumVisualStudioVersion = 10.0.40219.1
Project("{FAE04EC0-301F-11D3-BF4B-00C04F79EFBC}") = "BTM.Account.Api", "BTM.Account.Api\BTM.Account.Api.csproj", "{6D6B8849-4053-28FB-D4C5-E9DC9EF59AF6}"
EndProject
Project("{FAE04EC0-301F-11D3-BF4B-00C04F79EFBC}") = "BTM.Account.Api.AppHost", "BTM.Account.Api.AppHost\BTM.Account.Api.AppHost.csproj", "{70D4854D-904E-4E82-8ACE-2E7A880A76A6}"
EndProject
Project("{FAE04EC0-301F-11D3-BF4B-00C04F79EFBC}") = "BTM.Account.Api.ServiceDefaults", "BTM.Account.Api.ServiceDefaults\BTM.Account.Api.ServiceDefaults.csproj", "{37707B71-1FC3-CCA4-C5A8-84E703827F01}"
EndProject
Project("{2150E333-8FDC-42A3-9474-1A3956D46DE8}") = "src", "src", "{02EA681E-C7D8-13C7-8484-4AC65E1B71E8}"
EndProject
Project("{2150E333-8FDC-42A3-9474-1A3956D46DE8}") = "BTM.IdentityServer", "BTM.IdentityServer", "{B479EF07-C4C0-4699-8C02-1DC64715DF38}"
EndProject
Project("{FAE04EC0-301F-11D3-BF4B-00C04F79EFBC}") = "BTM.Account.MVC.UI", "BTM.Account.MVC.Client\BTM.Account.MVC.UI.csproj", "{CF1BDB3C-5923-9419-C2B2-992ABDF82FB2}"
EndProject
Project("{FAE04EC0-301F-11D3-BF4B-00C04F79EFBC}") = "BTM.Account.Application", "BTM.Account.Application\BTM.Account.Application.csproj", "{B99636CA-568C-40DA-8EE7-6F742124E639}"
EndProject
Project("{FAE04EC0-301F-11D3-BF4B-00C04F79EFBC}") = "BTM.Account.Domain", "BTM.Account.Domain\BTM.Account.Domain.csproj", "{68F4C32C-FFCE-41BD-9A92-C67453B84CF2}"
EndProject
Project("{FAE04EC0-301F-11D3-BF4B-00C04F79EFBC}") = "BTM.Account.Infrastructure", "BTM.Account.Infrastructure\BTM.Account.Infrastructure.csproj", "{4FE23459-FF18-4102-82DB-E7578679C5D7}"
EndProject
Project("{FAE04EC0-301F-11D3-BF4B-00C04F79EFBC}") = "BTM.Account.Shared", "BTM.Account.Shared\BTM.Account.Shared.csproj", "{5A69897F-C1BD-4085-9322-1DAC17939271}"
EndProject
Project("{2150E333-8FDC-42A3-9474-1A3956D46DE8}") = "BTM.Account.Service", "BTM.Account.Service", "{93AD7EAE-F2EF-4D05-B075-19B2468D7C91}"
EndProject
Project("{FAE04EC0-301F-11D3-BF4B-00C04F79EFBC}") = "BTM.Duende.ASPIdentity", "BTM.Duende.ASPIdentity\BTM.Duende.ASPIdentity\BTM.Duende.ASPIdentity\BTM.Duende.ASPIdentity.csproj", "{453EBB26-5B83-A6FC-AF62-094F99F03C7E}"
EndProject
Project("{2150E333-8FDC-42A3-9474-1A3956D46DE8}") = "BTM.Caching.Redis", "BTM.Caching.Redis", "{48B7AB21-0C06-45E3-B4FE-BD57770079E1}"
EndProject
Project("{FAE04EC0-301F-11D3-BF4B-00C04F79EFBC}") = "BTM.Caching.Redis", "BTM.Caching.Redis\BTM.Caching.Redis\BTM.Caching.Redis.csproj", "{5CEC2FCF-6BDF-420A-8C79-D753438E64EB}"
EndProject
Project("{2150E333-8FDC-42A3-9474-1A3956D46DE8}") = "BTM.Tests", "BTM.Tests", "{9904462D-58FD-4D6E-BAB9-7B8BFA15F439}"
EndProject
Project("{FAE04EC0-301F-11D3-BF4B-00C04F79EFBC}") = "BTM.MSTest.Playwright.Tests", "BTM.MSTest.Playwright\BTM.MSTest.Playwright.Tests.csproj", "{09CE7F6A-CA0B-486C-B529-946FAE5A18B8}"
EndProject
Project("{FAE04EC0-301F-11D3-BF4B-00C04F79EFBC}") = "BTM.NUnit.Playwright.Tests", "BTM.NUnit.Playwright\BTM.NUnit.Playwright.Tests.csproj", "{132C7E18-AD4C-4EFB-9289-7A2E62765B1D}"
EndProject
Global
	GlobalSection(SolutionConfigurationPlatforms) = preSolution
		Debug|Any CPU = Debug|Any CPU
		Release|Any CPU = Release|Any CPU
	EndGlobalSection
	GlobalSection(ProjectConfigurationPlatforms) = postSolution
		{6D6B8849-4053-28FB-D4C5-E9DC9EF59AF6}.Debug|Any CPU.ActiveCfg = Debug|Any CPU
		{6D6B8849-4053-28FB-D4C5-E9DC9EF59AF6}.Debug|Any CPU.Build.0 = Debug|Any CPU
		{6D6B8849-4053-28FB-D4C5-E9DC9EF59AF6}.Release|Any CPU.ActiveCfg = Release|Any CPU
		{6D6B8849-4053-28FB-D4C5-E9DC9EF59AF6}.Release|Any CPU.Build.0 = Release|Any CPU
		{70D4854D-904E-4E82-8ACE-2E7A880A76A6}.Debug|Any CPU.ActiveCfg = Debug|Any CPU
		{70D4854D-904E-4E82-8ACE-2E7A880A76A6}.Debug|Any CPU.Build.0 = Debug|Any CPU
		{70D4854D-904E-4E82-8ACE-2E7A880A76A6}.Release|Any CPU.ActiveCfg = Release|Any CPU
		{70D4854D-904E-4E82-8ACE-2E7A880A76A6}.Release|Any CPU.Build.0 = Release|Any CPU
		{37707B71-1FC3-CCA4-C5A8-84E703827F01}.Debug|Any CPU.ActiveCfg = Debug|Any CPU
		{37707B71-1FC3-CCA4-C5A8-84E703827F01}.Debug|Any CPU.Build.0 = Debug|Any CPU
		{37707B71-1FC3-CCA4-C5A8-84E703827F01}.Release|Any CPU.ActiveCfg = Release|Any CPU
		{37707B71-1FC3-CCA4-C5A8-84E703827F01}.Release|Any CPU.Build.0 = Release|Any CPU
		{CF1BDB3C-5923-9419-C2B2-992ABDF82FB2}.Debug|Any CPU.ActiveCfg = Debug|Any CPU
		{CF1BDB3C-5923-9419-C2B2-992ABDF82FB2}.Debug|Any CPU.Build.0 = Debug|Any CPU
		{CF1BDB3C-5923-9419-C2B2-992ABDF82FB2}.Release|Any CPU.ActiveCfg = Release|Any CPU
		{CF1BDB3C-5923-9419-C2B2-992ABDF82FB2}.Release|Any CPU.Build.0 = Release|Any CPU
		{B99636CA-568C-40DA-8EE7-6F742124E639}.Debug|Any CPU.ActiveCfg = Debug|Any CPU
		{B99636CA-568C-40DA-8EE7-6F742124E639}.Debug|Any CPU.Build.0 = Debug|Any CPU
		{B99636CA-568C-40DA-8EE7-6F742124E639}.Release|Any CPU.ActiveCfg = Release|Any CPU
		{B99636CA-568C-40DA-8EE7-6F742124E639}.Release|Any CPU.Build.0 = Release|Any CPU
		{68F4C32C-FFCE-41BD-9A92-C67453B84CF2}.Debug|Any CPU.ActiveCfg = Debug|Any CPU
		{68F4C32C-FFCE-41BD-9A92-C67453B84CF2}.Debug|Any CPU.Build.0 = Debug|Any CPU
		{68F4C32C-FFCE-41BD-9A92-C67453B84CF2}.Release|Any CPU.ActiveCfg = Release|Any CPU
		{68F4C32C-FFCE-41BD-9A92-C67453B84CF2}.Release|Any CPU.Build.0 = Release|Any CPU
		{4FE23459-FF18-4102-82DB-E7578679C5D7}.Debug|Any CPU.ActiveCfg = Debug|Any CPU
		{4FE23459-FF18-4102-82DB-E7578679C5D7}.Debug|Any CPU.Build.0 = Debug|Any CPU
		{4FE23459-FF18-4102-82DB-E7578679C5D7}.Release|Any CPU.ActiveCfg = Release|Any CPU
		{4FE23459-FF18-4102-82DB-E7578679C5D7}.Release|Any CPU.Build.0 = Release|Any CPU
		{5A69897F-C1BD-4085-9322-1DAC17939271}.Debug|Any CPU.ActiveCfg = Debug|Any CPU
		{5A69897F-C1BD-4085-9322-1DAC17939271}.Debug|Any CPU.Build.0 = Debug|Any CPU
		{5A69897F-C1BD-4085-9322-1DAC17939271}.Release|Any CPU.ActiveCfg = Release|Any CPU
		{5A69897F-C1BD-4085-9322-1DAC17939271}.Release|Any CPU.Build.0 = Release|Any CPU
		{453EBB26-5B83-A6FC-AF62-094F99F03C7E}.Debug|Any CPU.ActiveCfg = Debug|Any CPU
		{453EBB26-5B83-A6FC-AF62-094F99F03C7E}.Debug|Any CPU.Build.0 = Debug|Any CPU
		{453EBB26-5B83-A6FC-AF62-094F99F03C7E}.Release|Any CPU.ActiveCfg = Release|Any CPU
		{453EBB26-5B83-A6FC-AF62-094F99F03C7E}.Release|Any CPU.Build.0 = Release|Any CPU
		{5CEC2FCF-6BDF-420A-8C79-D753438E64EB}.Debug|Any CPU.ActiveCfg = Debug|Any CPU
		{5CEC2FCF-6BDF-420A-8C79-D753438E64EB}.Debug|Any CPU.Build.0 = Debug|Any CPU
		{5CEC2FCF-6BDF-420A-8C79-D753438E64EB}.Release|Any CPU.ActiveCfg = Release|Any CPU
		{5CEC2FCF-6BDF-420A-8C79-D753438E64EB}.Release|Any CPU.Build.0 = Release|Any CPU
		{09CE7F6A-CA0B-486C-B529-946FAE5A18B8}.Debug|Any CPU.ActiveCfg = Debug|Any CPU
		{09CE7F6A-CA0B-486C-B529-946FAE5A18B8}.Debug|Any CPU.Build.0 = Debug|Any CPU
		{09CE7F6A-CA0B-486C-B529-946FAE5A18B8}.Release|Any CPU.ActiveCfg = Release|Any CPU
		{09CE7F6A-CA0B-486C-B529-946FAE5A18B8}.Release|Any CPU.Build.0 = Release|Any CPU
		{132C7E18-AD4C-4EFB-9289-7A2E62765B1D}.Debug|Any CPU.ActiveCfg = Debug|Any CPU
		{132C7E18-AD4C-4EFB-9289-7A2E62765B1D}.Debug|Any CPU.Build.0 = Debug|Any CPU
		{132C7E18-AD4C-4EFB-9289-7A2E62765B1D}.Release|Any CPU.ActiveCfg = Release|Any CPU
		{132C7E18-AD4C-4EFB-9289-7A2E62765B1D}.Release|Any CPU.Build.0 = Release|Any CPU
	EndGlobalSection
	GlobalSection(SolutionProperties) = preSolution
		HideSolutionNode = FALSE
	EndGlobalSection
	GlobalSection(NestedProjects) = preSolution
		{6D6B8849-4053-28FB-D4C5-E9DC9EF59AF6} = {93AD7EAE-F2EF-4D05-B075-19B2468D7C91}
		{70D4854D-904E-4E82-8ACE-2E7A880A76A6} = {02EA681E-C7D8-13C7-8484-4AC65E1B71E8}
		{37707B71-1FC3-CCA4-C5A8-84E703827F01} = {02EA681E-C7D8-13C7-8484-4AC65E1B71E8}
		{B479EF07-C4C0-4699-8C02-1DC64715DF38} = {02EA681E-C7D8-13C7-8484-4AC65E1B71E8}
		{CF1BDB3C-5923-9419-C2B2-992ABDF82FB2} = {93AD7EAE-F2EF-4D05-B075-19B2468D7C91}
		{B99636CA-568C-40DA-8EE7-6F742124E639} = {93AD7EAE-F2EF-4D05-B075-19B2468D7C91}
		{68F4C32C-FFCE-41BD-9A92-C67453B84CF2} = {93AD7EAE-F2EF-4D05-B075-19B2468D7C91}
		{4FE23459-FF18-4102-82DB-E7578679C5D7} = {93AD7EAE-F2EF-4D05-B075-19B2468D7C91}
		{5A69897F-C1BD-4085-9322-1DAC17939271} = {93AD7EAE-F2EF-4D05-B075-19B2468D7C91}
		{93AD7EAE-F2EF-4D05-B075-19B2468D7C91} = {02EA681E-C7D8-13C7-8484-4AC65E1B71E8}
		{453EBB26-5B83-A6FC-AF62-094F99F03C7E} = {B479EF07-C4C0-4699-8C02-1DC64715DF38}
		{48B7AB21-0C06-45E3-B4FE-BD57770079E1} = {02EA681E-C7D8-13C7-8484-4AC65E1B71E8}
		{5CEC2FCF-6BDF-420A-8C79-D753438E64EB} = {48B7AB21-0C06-45E3-B4FE-BD57770079E1}
		{9904462D-58FD-4D6E-BAB9-7B8BFA15F439} = {02EA681E-C7D8-13C7-8484-4AC65E1B71E8}
		{09CE7F6A-CA0B-486C-B529-946FAE5A18B8} = {9904462D-58FD-4D6E-BAB9-7B8BFA15F439}
		{132C7E18-AD4C-4EFB-9289-7A2E62765B1D} = {9904462D-58FD-4D6E-BAB9-7B8BFA15F439}
	EndGlobalSection
	GlobalSection(ExtensibilityGlobals) = postSolution
		SolutionGuid = {F422FA2B-0245-4BEA-94A0-F46E9DEA7DCD}
	EndGlobalSection
EndGlobal
